
Microsoft Visual Studio Solution File, Format Version 12.00
# Visual Studio 2013
VisualStudioVersion = 12.0.30501.0
MinimumVisualStudioVersion = 10.0.40219.1
Project("{FAE04EC0-301F-11D3-BF4B-00C04F79EFBC}") = "AVINSoR_Client_Demo_WinForms", "AVINSoR_Client_Demo_WinForms\AVINSoR_Client_Demo_WinForms.csproj", "{C4401FE0-5172-404F-A328-FFE88A8455BF}"
EndProject
Project("{FAE04EC0-301F-11D3-BF4B-00C04F79EFBC}") = "AVINSoR_Library", "AVINSoR_Library\AVINSoR_Library.csproj", "{27D513DA-E25C-42CD-8DA0-AC604EBFBDE6}"
EndProject
Project("{FAE04EC0-301F-11D3-BF4B-00C04F79EFBC}") = "AVINSoR_Demo_Client_3", "AVINSoR_Demo_Client_3\AVINSoR_Demo_Client_3.csproj", "{AA7DEAE0-FA48-439D-A9F0-1A94C2EEC2A9}"
EndProject
Global
	GlobalSection(SolutionConfigurationPlatforms) = preSolution
		Debug|Any CPU = Debug|Any CPU
		Release|Any CPU = Release|Any CPU
	EndGlobalSection
	GlobalSection(ProjectConfigurationPlatforms) = postSolution
		{C4401FE0-5172-404F-A328-FFE88A8455BF}.Debug|Any CPU.ActiveCfg = Debug|Any CPU
		{C4401FE0-5172-404F-A328-FFE88A8455BF}.Debug|Any CPU.Build.0 = Debug|Any CPU
		{C4401FE0-5172-404F-A328-FFE88A8455BF}.Release|Any CPU.ActiveCfg = Release|Any CPU
		{C4401FE0-5172-404F-A328-FFE88A8455BF}.Release|Any CPU.Build.0 = Release|Any CPU
		{27D513DA-E25C-42CD-8DA0-AC604EBFBDE6}.Debug|Any CPU.ActiveCfg = Debug|Any CPU
		{27D513DA-E25C-42CD-8DA0-AC604EBFBDE6}.Debug|Any CPU.Build.0 = Debug|Any CPU
		{27D513DA-E25C-42CD-8DA0-AC604EBFBDE6}.Release|Any CPU.ActiveCfg = Release|Any CPU
		{27D513DA-E25C-42CD-8DA0-AC604EBFBDE6}.Release|Any CPU.Build.0 = Release|Any CPU
		{AA7DEAE0-FA48-439D-A9F0-1A94C2EEC2A9}.Debug|Any CPU.ActiveCfg = Debug|Any CPU
		{AA7DEAE0-FA48-439D-A9F0-1A94C2EEC2A9}.Debug|Any CPU.Build.0 = Debug|Any CPU
		{AA7DEAE0-FA48-439D-A9F0-1A94C2EEC2A9}.Release|Any CPU.ActiveCfg = Release|Any CPU
		{AA7DEAE0-FA48-439D-A9F0-1A94C2EEC2A9}.Release|Any CPU.Build.0 = Release|Any CPU
	EndGlobalSection
	GlobalSection(SolutionProperties) = preSolution
		HideSolutionNode = FALSE
	EndGlobalSection
EndGlobal
